// !$*UTF8*$!
{
	archiveVersion = 1;
	classes = {
	};
	objectVersion = 46;
	objects = {

/* Begin PBXBuildFile section */
		F821CC081E51881B009C10F2 /* AppDelegate.swift in Sources */ = {isa = PBXBuildFile; fileRef = F821CC071E51881B009C10F2 /* AppDelegate.swift */; };
		F821CC0A1E51881B009C10F2 /* ViewController.swift in Sources */ = {isa = PBXBuildFile; fileRef = F821CC091E51881B009C10F2 /* ViewController.swift */; };
		F821CC0D1E51881B009C10F2 /* Main.storyboard in Resources */ = {isa = PBXBuildFile; fileRef = F821CC0B1E51881B009C10F2 /* Main.storyboard */; };
		F821CC0F1E51881B009C10F2 /* Assets.xcassets in Resources */ = {isa = PBXBuildFile; fileRef = F821CC0E1E51881B009C10F2 /* Assets.xcassets */; };
		F821CC121E51881B009C10F2 /* LaunchScreen.storyboard in Resources */ = {isa = PBXBuildFile; fileRef = F821CC101E51881B009C10F2 /* LaunchScreen.storyboard */; };
/* End PBXBuildFile section */

/* Begin PBXFileReference section */
		F821CC041E51881B009C10F2 /* MovieViewer2.app */ = {isa = PBXFileReference; explicitFileType = wrapper.application; includeInIndex = 0; path = MovieViewer2.app; sourceTree = BUILT_PRODUCTS_DIR; };
		F821CC071E51881B009C10F2 /* AppDelegate.swift */ = {isa = PBXFileReference; lastKnownFileType = sourcecode.swift; path = AppDelegate.swift; sourceTree = "<group>"; };
		F821CC091E51881B009C10F2 /* ViewController.swift */ = {isa = PBXFileReference; lastKnownFileType = sourcecode.swift; path = ViewController.swift; sourceTree = "<group>"; };
		F821CC0C1E51881B009C10F2 /* Base */ = {isa = PBXFileReference; lastKnownFileType = file.storyboard; name = Base; path = Base.lproj/Main.storyboard; sourceTree = "<group>"; };
		F821CC0E1E51881B009C10F2 /* Assets.xcassets */ = {isa = PBXFileReference; lastKnownFileType = folder.assetcatalog; path = Assets.xcassets; sourceTree = "<group>"; };
		F821CC111E51881B009C10F2 /* Base */ = {isa = PBXFileReference; lastKnownFileType = file.storyboard; name = Base; path = Base.lproj/LaunchScreen.storyboard; sourceTree = "<group>"; };
		F821CC131E51881B009C10F2 /* Info.plist */ = {isa = PBXFileReference; lastKnownFileType = text.plist.xml; path = Info.plist; sourceTree = "<group>"; };
/* End PBXFileReference section */

/* Begin PBXFrameworksBuildPhase section */
		F821CC011E51881B009C10F2 /* Frameworks */ = {
			isa = PBXFrameworksBuildPhase;
			buildActionMask = 2147483647;
			files = (
			);
			runOnlyForDeploymentPostprocessing = 0;
		};
/* End PBXFrameworksBuildPhase section */

/* Begin PBXGroup section */
		F821CBFB1E51881B009C10F2 = {
			isa = PBXGroup;
			children = (
				F821CC061E51881B009C10F2 /* MovieViewer2 */,
				F821CC051E51881B009C10F2 /* Products */,
			);
			sourceTree = "<group>";
		};
		F821CC051E51881B009C10F2 /* Products */ = {
			isa = PBXGroup;
			children = (
				F821CC041E51881B009C10F2 /* MovieViewer2.app */,
			);
			name = Products;
			sourceTree = "<group>";
		};
		F821CC061E51881B009C10F2 /* MovieViewer2 */ = {
			isa = PBXGroup;
			children = (
				F821CC071E51881B009C10F2 /* AppDelegate.swift */,
				F821CC091E51881B009C10F2 /* ViewController.swift */,
				F821CC0B1E51881B009C10F2 /* Main.storyboard */,
				F821CC0E1E51881B009C10F2 /* Assets.xcassets */,
				F821CC101E51881B009C10F2 /* LaunchScreen.storyboard */,
				F821CC131E51881B009C10F2 /* Info.plist */,
			);
			path = MovieViewer2;
			sourceTree = "<group>";
		};
/* End PBXGroup section */

/* Begin PBXNativeTarget section */
		F821CC031E51881B009C10F2 /* MovieViewer2 */ = {
			isa = PBXNativeTarget;
			buildConfigurationList = F821CC161E51881B009C10F2 /* Build configuration list for PBXNativeTarget "MovieViewer2" */;
			buildPhases = (
				F821CC001E51881B009C10F2 /* Sources */,
				F821CC011E51881B009C10F2 /* Frameworks */,
				F821CC021E51881B009C10F2 /* Resources */,
			);
			buildRules = (
			);
			dependencies = (
			);
			name = MovieViewer2;
			productName = MovieViewer2;
			productReference = F821CC041E51881B009C10F2 /* MovieViewer2.app */;
			productType = "com.apple.product-type.application";
		};
/* End PBXNativeTarget section */

/* Begin PBXProject section */
		F821CBFC1E51881B009C10F2 /* Project object */ = {
			isa = PBXProject;
			attributes = {
				LastSwiftUpdateCheck = 0800;
				LastUpgradeCheck = 0800;
				ORGANIZATIONNAME = "Vaidehi Duraphe";
				TargetAttributes = {
					F821CC031E51881B009C10F2 = {
						CreatedOnToolsVersion = 8.0;
						ProvisioningStyle = Automatic;
					};
				};
			};
			buildConfigurationList = F821CBFF1E51881B009C10F2 /* Build configuration list for PBXProject "MovieViewer2" */;
			compatibilityVersion = "Xcode 3.2";
			developmentRegion = English;
			hasScannedForEncodings = 0;
			knownRegions = (
				en,
				Base,
			);
			mainGroup = F821CBFB1E51881B009C10F2;
			productRefGroup = F821CC051E51881B009C10F2 /* Products */;
			projectDirPath = "";
			projectRoot = "";
			targets = (
				F821CC031E51881B009C10F2 /* MovieViewer2 */,
			);
		};
/* End PBXProject section */

/* Begin PBXResourcesBuildPhase section */
		F821CC021E51881B009C10F2 /* Resources */ = {
			isa = PBXResourcesBuildPhase;
			buildActionMask = 2147483647;
			files = (
				F821CC121E51881B009C10F2 /* LaunchScreen.storyboard in Resources */,
				F821CC0F1E51881B009C10F2 /* Assets.xcassets in Resources */,
				F821CC0D1E51881B009C10F2 /* Main.storyboard in Resources */,
			);
			runOnlyForDeploymentPostprocessing = 0;
		};
/* End PBXResourcesBuildPhase section */

/* Begin PBXSourcesBuildPhase section */
		F821CC001E51881B009C10F2 /* Sources */ = {
			isa = PBXSourcesBuildPhase;
			buildActionMask = 2147483647;
			files = (
				F821CC0A1E51881B009C10F2 /* ViewController.swift in Sources */,
				F821CC081E51881B009C10F2 /* AppDelegate.swift in Sources */,
			);
			runOnlyForDeploymentPostprocessing = 0;
		};
/* End PBXSourcesBuildPhase section */

/* Begin PBXVariantGroup section */
		F821CC0B1E51881B009C10F2 /* Main.storyboard */ = {
			isa = PBXVariantGroup;
			children = (
				F821CC0C1E51881B009C10F2 /* Base */,
			);
			name = Main.storyboard;
			sourceTree = "<group>";
		};
		F821CC101E51881B009C10F2 /* LaunchScreen.storyboard */ = {
			isa = PBXVariantGroup;
			children = (
				F821CC111E51881B009C10F2 /* Base */,
			);
			name = LaunchScreen.storyboard;
			sourceTree = "<group>";
		};
/* End PBXVariantGroup section */

/* Begin XCBuildConfiguration section */
		F821CC141E51881B009C10F2 /* Debug */ = {
			isa = XCBuildConfiguration;
			buildSettings = {
				ALWAYS_SEARCH_USER_PATHS = NO;
				CLANG_ANALYZER_NONNULL = YES;
				CLANG_CXX_LANGUAGE_STANDARD = "gnu++0x";
				CLANG_CXX_LIBRARY = "libc++";
				CLANG_ENABLE_MODULES = YES;
				CLANG_ENABLE_OBJC_ARC = YES;
				CLANG_WARN_BOOL_CONVERSION = YES;
				CLANG_WARN_CONSTANT_CONVERSION = YES;
				CLANG_WARN_DIRECT_OBJC_ISA_USAGE = YES_ERROR;
				CLANG_WARN_DOCUMENTATION_COMMENTS = YES;
				CLANG_WARN_EMPTY_BODY = YES;
				CLANG_WARN_ENUM_CONVERSION = YES;
				CLANG_WARN_INFINITE_RECURSION = YES;
				CLANG_WARN_INT_CONVERSION = YES;
				CLANG_WARN_OBJC_ROOT_CLASS = YES_ERROR;
				CLANG_WARN_SUSPICIOUS_MOVES = YES;
				CLANG_WARN_UNREACHABLE_CODE = YES;
				CLANG_WARN__DUPLICATE_METHOD_MATCH = YES;
				"CODE_SIGN_IDENTITY[sdk=iphoneos*]" = "iPhone Developer";
				COPY_PHASE_STRIP = NO;
				DEBUG_INFORMATION_FORMAT = dwarf;
				ENABLE_STRICT_OBJC_MSGSEND = YES;
				ENABLE_TESTABILITY = YES;
				GCC_C_LANGUAGE_STANDARD = gnu99;
				GCC_DYNAMIC_NO_PIC = NO;
				GCC_NO_COMMON_BLOCKS = YES;
				GCC_OPTIMIZATION_LEVEL = 0;
				GCC_PREPROCESSOR_DEFINITIONS = (
					"DEBUG=1",
					"$(inherited)",
				);
				GCC_WARN_64_TO_32_BIT_CONVERSION = YES;
				GCC_WARN_ABOUT_RETURN_TYPE = YES_ERROR;
				GCC_WARN_UNDECLARED_SELECTOR = YES;
				GCC_WARN_UNINITIALIZED_AUTOS = YES_AGGRESSIVE;
				GCC_WARN_UNUSED_FUNCTION = YES;
				GCC_WARN_UNUSED_VARIABLE = YES;
				IPHONEOS_DEPLOYMENT_TARGET = 10.0;
				MTL_ENABLE_DEBUG_INFO = YES;
				ONLY_ACTIVE_ARCH = YES;
				SDKROOT = iphoneos;
				SWIFT_ACTIVE_COMPILATION_CONDITIONS = DEBUG;
				SWIFT_OPTIMIZATION_LEVEL = "-Onone";
			};
			name = Debug;
		};
		F821CC151E51881B009C10F2 /* Release */ = {
			isa = XCBuildConfiguration;
			buildSettings = {
				ALWAYS_SEARCH_USER_PATHS = NO;
				CLANG_ANALYZER_NONNULL = YES;
				CLANG_CXX_LANGUAGE_STANDARD = "gnu++0x";
				CLANG_CXX_LIBRARY = "libc++";
				CLANG_ENABLE_MODULES = YES;
				CLANG_ENABLE_OBJC_ARC = YES;
				CLANG_WARN_BOOL_CONVERSION = YES;
				CLANG_WARN_CONSTANT_CONVERSION = YES;
				CLANG_WARN_DIRECT_OBJC_ISA_USAGE = YES_ERROR;
				CLANG_WARN_DOCUMENTATION_COMMENTS = YES;
				CLANG_WARN_EMPTY_BODY = YES;
				CLANG_WARN_ENUM_CONVERSION = YES;
				CLANG_WARN_INFINITE_RECURSION = YES;
				CLANG_WARN_INT_CONVERSION = YES;
				CLANG_WARN_OBJC_ROOT_CLASS = YES_ERROR;
				CLANG_WARN_SUSPICIOUS_MOVES = YES;
				CLANG_WARN_UNREACHABLE_CODE = YES;
				CLANG_WARN__DUPLICATE_METHOD_MATCH = YES;
				"CODE_SIGN_IDENTITY[sdk=iphoneos*]" = "iPhone Developer";
				COPY_PHASE_STRIP = NO;
				DEBUG_INFORMATION_FORMAT = "dwarf-with-dsym";
				ENABLE_NS_ASSERTIONS = NO;
				ENABLE_STRICT_OBJC_MSGSEND = YES;
				GCC_C_LANGUAGE_STANDARD = gnu99;
				GCC_NO_COMMON_BLOCKS = YES;
				GCC_WARN_64_TO_32_BIT_CONVERSION = YES;
				GCC_WARN_ABOUT_RETURN_TYPE = YES_ERROR;
				GCC_WARN_UNDECLARED_SELECTOR = YES;
				GCC_WARN_UNINITIALIZED_AUTOS = YES_AGGRESSIVE;
				GCC_WARN_UNUSED_FUNCTION = YES;
				GCC_WARN_UNUSED_VARIABLE = YES;
				IPHONEOS_DEPLOYMENT_TARGET = 10.0;
				MTL_ENABLE_DEBUG_INFO = NO;
				SDKROOT = iphoneos;
				SWIFT_OPTIMIZATION_LEVEL = "-Owholemodule";
				VALIDATE_PRODUCT = YES;
			};
			name = Release;
		};
		F821CC171E51881B009C10F2 /* Debug */ = {
			isa = XCBuildConfiguration;
			buildSettings = {
				ASSETCATALOG_COMPILER_APPICON_NAME = AppIcon;
				INFOPLIST_FILE = MovieViewer2/Info.plist;
				LD_RUNPATH_SEARCH_PATHS = "$(inherited) @executable_path/Frameworks";
				PRODUCT_BUNDLE_IDENTIFIER = codepath.MovieViewer2;
				PRODUCT_NAME = "$(TARGET_NAME)";
				SWIFT_VERSION = 3.0;
			};
			name = Debug;
		};
		F821CC181E51881B009C10F2 /* Release */ = {
			isa = XCBuildConfiguration;
			buildSettings = {
				ASSETCATALOG_COMPILER_APPICON_NAME = AppIcon;
				INFOPLIST_FILE = MovieViewer2/Info.plist;
				LD_RUNPATH_SEARCH_PATHS = "$(inherited) @executable_path/Frameworks";
				PRODUCT_BUNDLE_IDENTIFIER = codepath.MovieViewer2;
				PRODUCT_NAME = "$(TARGET_NAME)";
				SWIFT_VERSION = 3.0;
			};
			name = Release;
		};
/* End XCBuildConfiguration section */

/* Begin XCConfigurationList section */
		F821CBFF1E51881B009C10F2 /* Build configuration list for PBXProject "MovieViewer2" */ = {
			isa = XCConfigurationList;
			buildConfigurations = (
				F821CC141E51881B009C10F2 /* Debug */,
				F821CC151E51881B009C10F2 /* Release */,
			);
			defaultConfigurationIsVisible = 0;
			defaultConfigurationName = Release;
		};
		F821CC161E51881B009C10F2 /* Build configuration list for PBXNativeTarget "MovieViewer2" */ = {
			isa = XCConfigurationList;
			buildConfigurations = (
				F821CC171E51881B009C10F2 /* Debug */,
				F821CC181E51881B009C10F2 /* Release */,
			);
			defaultConfigurationIsVisible = 0;
		};
/* End XCConfigurationList section */
	};
	rootObject = F821CBFC1E51881B009C10F2 /* Project object */;
}
